
Microsoft Visual Studio Solution File, Format Version 12.00
# Visual Studio 14
VisualStudioVersion = 14.0.23107.0
MinimumVisualStudioVersion = 10.0.40219.1
Project("{8BC9CEB8-8B4A-11D0-8D11-00A0C91BC942}") = "BinarySearch", "BinarySearch\BinarySearch.vcxproj", "{C1E5667A-9E0E-4A0D-8BA4-1DAE5BCFE5F7}"
EndProject
Project("{8BC9CEB8-8B4A-11D0-8D11-00A0C91BC942}") = "LinearSearch", "LinearSearch\LinearSearch.vcxproj", "{BF031DA7-06AD-4208-8011-4E28930EAF00}"
EndProject
Project("{8BC9CEB8-8B4A-11D0-8D11-00A0C91BC942}") = "SelectionSort", "SelectionSort\SelectionSort.vcxproj", "{85516FB7-4383-46F2-A1F2-0DBA432F5813}"
EndProject
Project("{8BC9CEB8-8B4A-11D0-8D11-00A0C91BC942}") = "BubbleSort", "BubbleSort\BubbleSort.vcxproj", "{7B11E5F9-5378-415B-96B4-F74091DCDB15}"
EndProject
Project("{8BC9CEB8-8B4A-11D0-8D11-00A0C91BC942}") = "InsertionSort", "InsertionSort\InsertionSort.vcxproj", "{5DC7D063-E7CA-4CF4-B7A6-556ECC7F8DA9}"
EndProject
Project("{8BC9CEB8-8B4A-11D0-8D11-00A0C91BC942}") = "MergeSort", "MergeSort\MergeSort.vcxproj", "{D340EB0F-BA8B-491E-9A2D-D69E26956DBE}"
EndProject
Global
	GlobalSection(SolutionConfigurationPlatforms) = preSolution
		Debug|x64 = Debug|x64
		Debug|x86 = Debug|x86
		Release|x64 = Release|x64
		Release|x86 = Release|x86
	EndGlobalSection
	GlobalSection(ProjectConfigurationPlatforms) = postSolution
		{C1E5667A-9E0E-4A0D-8BA4-1DAE5BCFE5F7}.Debug|x64.ActiveCfg = Debug|x64
		{C1E5667A-9E0E-4A0D-8BA4-1DAE5BCFE5F7}.Debug|x64.Build.0 = Debug|x64
		{C1E5667A-9E0E-4A0D-8BA4-1DAE5BCFE5F7}.Debug|x86.ActiveCfg = Debug|Win32
		{C1E5667A-9E0E-4A0D-8BA4-1DAE5BCFE5F7}.Debug|x86.Build.0 = Debug|Win32
		{C1E5667A-9E0E-4A0D-8BA4-1DAE5BCFE5F7}.Release|x64.ActiveCfg = Release|x64
		{C1E5667A-9E0E-4A0D-8BA4-1DAE5BCFE5F7}.Release|x64.Build.0 = Release|x64
		{C1E5667A-9E0E-4A0D-8BA4-1DAE5BCFE5F7}.Release|x86.ActiveCfg = Release|Win32
		{C1E5667A-9E0E-4A0D-8BA4-1DAE5BCFE5F7}.Release|x86.Build.0 = Release|Win32
		{BF031DA7-06AD-4208-8011-4E28930EAF00}.Debug|x64.ActiveCfg = Debug|x64
		{BF031DA7-06AD-4208-8011-4E28930EAF00}.Debug|x64.Build.0 = Debug|x64
		{BF031DA7-06AD-4208-8011-4E28930EAF00}.Debug|x86.ActiveCfg = Debug|Win32
		{BF031DA7-06AD-4208-8011-4E28930EAF00}.Debug|x86.Build.0 = Debug|Win32
		{BF031DA7-06AD-4208-8011-4E28930EAF00}.Release|x64.ActiveCfg = Release|x64
		{BF031DA7-06AD-4208-8011-4E28930EAF00}.Release|x64.Build.0 = Release|x64
		{BF031DA7-06AD-4208-8011-4E28930EAF00}.Release|x86.ActiveCfg = Release|Win32
		{BF031DA7-06AD-4208-8011-4E28930EAF00}.Release|x86.Build.0 = Release|Win32
		{85516FB7-4383-46F2-A1F2-0DBA432F5813}.Debug|x64.ActiveCfg = Debug|x64
		{85516FB7-4383-46F2-A1F2-0DBA432F5813}.Debug|x64.Build.0 = Debug|x64
		{85516FB7-4383-46F2-A1F2-0DBA432F5813}.Debug|x86.ActiveCfg = Debug|Win32
		{85516FB7-4383-46F2-A1F2-0DBA432F5813}.Debug|x86.Build.0 = Debug|Win32
		{85516FB7-4383-46F2-A1F2-0DBA432F5813}.Release|x64.ActiveCfg = Release|x64
		{85516FB7-4383-46F2-A1F2-0DBA432F5813}.Release|x64.Build.0 = Release|x64
		{85516FB7-4383-46F2-A1F2-0DBA432F5813}.Release|x86.ActiveCfg = Release|Win32
		{85516FB7-4383-46F2-A1F2-0DBA432F5813}.Release|x86.Build.0 = Release|Win32
		{7B11E5F9-5378-415B-96B4-F74091DCDB15}.Debug|x64.ActiveCfg = Debug|x64
		{7B11E5F9-5378-415B-96B4-F74091DCDB15}.Debug|x64.Build.0 = Debug|x64
		{7B11E5F9-5378-415B-96B4-F74091DCDB15}.Debug|x86.ActiveCfg = Debug|Win32
		{7B11E5F9-5378-415B-96B4-F74091DCDB15}.Debug|x86.Build.0 = Debug|Win32
		{7B11E5F9-5378-415B-96B4-F74091DCDB15}.Release|x64.ActiveCfg = Release|x64
		{7B11E5F9-5378-415B-96B4-F74091DCDB15}.Release|x64.Build.0 = Release|x64
		{7B11E5F9-5378-415B-96B4-F74091DCDB15}.Release|x86.ActiveCfg = Release|Win32
		{7B11E5F9-5378-415B-96B4-F74091DCDB15}.Release|x86.Build.0 = Release|Win32
		{5DC7D063-E7CA-4CF4-B7A6-556ECC7F8DA9}.Debug|x64.ActiveCfg = Debug|x64
		{5DC7D063-E7CA-4CF4-B7A6-556ECC7F8DA9}.Debug|x64.Build.0 = Debug|x64
		{5DC7D063-E7CA-4CF4-B7A6-556ECC7F8DA9}.Debug|x86.ActiveCfg = Debug|Win32
		{5DC7D063-E7CA-4CF4-B7A6-556ECC7F8DA9}.Debug|x86.Build.0 = Debug|Win32
		{5DC7D063-E7CA-4CF4-B7A6-556ECC7F8DA9}.Release|x64.ActiveCfg = Release|x64
		{5DC7D063-E7CA-4CF4-B7A6-556ECC7F8DA9}.Release|x64.Build.0 = Release|x64
		{5DC7D063-E7CA-4CF4-B7A6-556ECC7F8DA9}.Release|x86.ActiveCfg = Release|Win32
		{5DC7D063-E7CA-4CF4-B7A6-556ECC7F8DA9}.Release|x86.Build.0 = Release|Win32
		{D340EB0F-BA8B-491E-9A2D-D69E26956DBE}.Debug|x64.ActiveCfg = Debug|x64
		{D340EB0F-BA8B-491E-9A2D-D69E26956DBE}.Debug|x64.Build.0 = Debug|x64
		{D340EB0F-BA8B-491E-9A2D-D69E26956DBE}.Debug|x86.ActiveCfg = Debug|Win32
		{D340EB0F-BA8B-491E-9A2D-D69E26956DBE}.Debug|x86.Build.0 = Debug|Win32
		{D340EB0F-BA8B-491E-9A2D-D69E26956DBE}.Release|x64.ActiveCfg = Release|x64
		{D340EB0F-BA8B-491E-9A2D-D69E26956DBE}.Release|x64.Build.0 = Release|x64
		{D340EB0F-BA8B-491E-9A2D-D69E26956DBE}.Release|x86.ActiveCfg = Release|Win32
		{D340EB0F-BA8B-491E-9A2D-D69E26956DBE}.Release|x86.Build.0 = Release|Win32
	EndGlobalSection
	GlobalSection(SolutionProperties) = preSolution
		HideSolutionNode = FALSE
	EndGlobalSection
EndGlobal
